lockfileVersion: '6.0'

settings:
  autoInstallPeers: true
  excludeLinksFromLockfile: false

dependencies:
  '@types/node':
    specifier: 20.6.3
    version: 20.6.3
  '@types/react':
    specifier: 18.2.22
    version: 18.2.22
  '@types/react-dom':
    specifier: 18.2.7
    version: 18.2.7
  dompurify:
    specifier: ^3.0.5
    version: 3.0.5
  marked:
    specifier: 9.0.3
    version: 9.0.3
  micromark:
    specifier: ^4.0.0
    version: 4.0.0
  micromark-extension-math:
    specifier: ^3.0.0
    version: 3.0.0
  next:
    specifier: 13.5.2
    version: 13.5.2(react-dom@18.2.0)(react@18.2.0)
  react:
    specifier: 18.2.0
    version: 18.2.0
  react-dom:
    specifier: 18.2.0
    version: 18.2.0(react@18.2.0)
  typescript:
    specifier: 5.2.2
    version: 5.2.2

devDependencies:
  '@next/bundle-analyzer':
    specifier: ^13.5.2
    version: 13.5.2
  '@types/dompurify':
    specifier: ^3.0.2
    version: 3.0.2

packages:

  /@next/bundle-analyzer@13.5.2:
    resolution: {integrity: sha512-njvZIrbOHe4IK4Zzo4w4M9WLaVs3t1Uqu/mm4hx1XmaUmj9fWr0OfeJG+ZkemPTm07WeZVuJRzuklkV+cD8BKQ==}
    dependencies:
      webpack-bundle-analyzer: 4.7.0
    transitivePeerDependencies:
      - bufferutil
      - utf-8-validate
    dev: true

  /@next/env@13.5.2:
    resolution: {integrity: sha512-dUseBIQVax+XtdJPzhwww4GetTjlkRSsXeQnisIJWBaHsnxYcN2RGzsPHi58D6qnkATjnhuAtQTJmR1hKYQQPg==}
    dev: false

  /@next/swc-darwin-arm64@13.5.2:
    resolution: {integrity: sha512-7eAyunAWq6yFwdSQliWMmGhObPpHTesiKxMw4DWVxhm5yLotBj8FCR4PXGkpRP2tf8QhaWuVba+/fyAYggqfQg==}
    engines: {node: '>= 10'}
    cpu: [arm64]
    os: [darwin]
    requiresBuild: true
    dev: false
    optional: true

  /@next/swc-darwin-x64@13.5.2:
    resolution: {integrity: sha512-WxXYWE7zF1ch8rrNh5xbIWzhMVas6Vbw+9BCSyZvu7gZC5EEiyZNJsafsC89qlaSA7BnmsDXVWQmc+s1feSYbQ==}
    engines: {node: '>= 10'}
    cpu: [x64]
    os: [darwin]
    requiresBuild: true
    dev: false
    optional: true

  /@next/swc-linux-arm64-gnu@13.5.2:
    resolution: {integrity: sha512-URSwhRYrbj/4MSBjLlefPTK3/tvg95TTm6mRaiZWBB6Za3hpHKi8vSdnCMw5D2aP6k0sQQIEG6Pzcfwm+C5vrg==}
    engines: {node: '>= 10'}
    cpu: [arm64]
    os: [linux]
    requiresBuild: true
    dev: false
    optional: true

  /@next/swc-linux-arm64-musl@13.5.2:
    resolution: {integrity: sha512-HefiwAdIygFyNmyVsQeiJp+j8vPKpIRYDlmTlF9/tLdcd3qEL/UEBswa1M7cvO8nHcr27ZTKXz5m7dkd56/Esg==}
    engines: {node: '>= 10'}
    cpu: [arm64]
    os: [linux]
    requiresBuild: true
    dev: false
    optional: true

  /@next/swc-linux-x64-gnu@13.5.2:
    resolution: {integrity: sha512-htGVVroW0tdHgMYwKWkxWvVoG2RlAdDXRO1RQxYDvOBQsaV0nZsgKkw0EJJJ3urTYnwKskn/MXm305cOgRxD2w==}
    engines: {node: '>= 10'}
    cpu: [x64]
    os: [linux]
    requiresBuild: true
    dev: false
    optional: true

  /@next/swc-linux-x64-musl@13.5.2:
    resolution: {integrity: sha512-UBD333GxbHVGi7VDJPPDD1bKnx30gn2clifNJbla7vo5nmBV+x5adyARg05RiT9amIpda6yzAEEUu+s774ldkw==}
    engines: {node: '>= 10'}
    cpu: [x64]
    os: [linux]
    requiresBuild: true
    dev: false
    optional: true

  /@next/swc-win32-arm64-msvc@13.5.2:
    resolution: {integrity: sha512-Em9ApaSFIQnWXRT3K6iFnr9uBXymixLc65Xw4eNt7glgH0eiXpg+QhjmgI2BFyc7k4ZIjglfukt9saNpEyolWA==}
    engines: {node: '>= 10'}
    cpu: [arm64]
    os: [win32]
    requiresBuild: true
    dev: false
    optional: true

  /@next/swc-win32-ia32-msvc@13.5.2:
    resolution: {integrity: sha512-TBACBvvNYU+87X0yklSuAseqdpua8m/P79P0SG1fWUvWDDA14jASIg7kr86AuY5qix47nZLEJ5WWS0L20jAUNw==}
    engines: {node: '>= 10'}
    cpu: [ia32]
    os: [win32]
    requiresBuild: true
    dev: false
    optional: true

  /@next/swc-win32-x64-msvc@13.5.2:
    resolution: {integrity: sha512-LfTHt+hTL8w7F9hnB3H4nRasCzLD/fP+h4/GUVBTxrkMJOnh/7OZ0XbYDKO/uuWwryJS9kZjhxcruBiYwc5UDw==}
    engines: {node: '>= 10'}
    cpu: [x64]
    os: [win32]
    requiresBuild: true
    dev: false
    optional: true

  /@polka/url@1.0.0-next.23:
    resolution: {integrity: sha512-C16M+IYz0rgRhWZdCmK+h58JMv8vijAA61gmz2rspCSwKwzBebpdcsiUmwrtJRdphuY30i6BSLEOP8ppbNLyLg==}
    dev: true

  /@swc/helpers@0.5.2:
    resolution: {integrity: sha512-E4KcWTpoLHqwPHLxidpOqQbcrZVgi0rsmmZXUle1jXmJfuIf/UWpczUJ7MZZ5tlxytgJXyp0w4PGkkeLiuIdZw==}
    dependencies:
      tslib: 2.6.2
    dev: false

  /@types/debug@4.1.8:
    resolution: {integrity: sha512-/vPO1EPOs306Cvhwv7KfVfYvOJqA/S/AXjaHQiJboCZzcNDb+TIJFN9/2C9DZ//ijSKWioNyUxD792QmDJ+HKQ==}
    dependencies:
      '@types/ms': 0.7.31
    dev: false

  /@types/dompurify@3.0.2:
    resolution: {integrity: sha512-YBL4ziFebbbfQfH5mlC+QTJsvh0oJUrWbmxKMyEdL7emlHJqGR2Qb34TEFKj+VCayBvjKy3xczMFNhugThUsfQ==}
    dependencies:
      '@types/trusted-types': 2.0.4
    dev: true

  /@types/katex@0.16.3:
    resolution: {integrity: sha512-CeVMX9EhVUW8MWnei05eIRks4D5Wscw/W9Byz1s3PA+yJvcdvq9SaDjiUKvRvEgjpdTyJMjQA43ae4KTwsvOPg==}
    dev: false

  /@types/ms@0.7.31:
    resolution: {integrity: sha512-iiUgKzV9AuaEkZqkOLDIvlQiL6ltuZd9tGcW3gwpnX8JbuiuhFlEGmmFXEXkN50Cvq7Os88IY2v0dkDqXYWVgA==}
    dev: false

  /@types/node@20.6.3:
    resolution: {integrity: sha512-HksnYH4Ljr4VQgEy2lTStbCKv/P590tmPe5HqOnv9Gprffgv5WXAY+Y5Gqniu0GGqeTCUdBnzC3QSrzPkBkAMA==}
    dev: false

  /@types/prop-types@15.7.6:
    resolution: {integrity: sha512-RK/kBbYOQQHLYj9Z95eh7S6t7gq4Ojt/NT8HTk8bWVhA5DaF+5SMnxHKkP4gPNN3wAZkKP+VjAf0ebtYzf+fxg==}
    dev: false

  /@types/react-dom@18.2.7:
    resolution: {integrity: sha512-GRaAEriuT4zp9N4p1i8BDBYmEyfo+xQ3yHjJU4eiK5NDa1RmUZG+unZABUTK4/Ox/M+GaHwb6Ow8rUITrtjszA==}
    dependencies:
      '@types/react': 18.2.22
    dev: false

  /@types/react@18.2.22:
    resolution: {integrity: sha512-60fLTOLqzarLED2O3UQImc/lsNRgG0jE/a1mPW9KjMemY0LMITWEsbS4VvZ4p6rorEHd5YKxxmMKSDK505GHpA==}
    dependencies:
      '@types/prop-types': 15.7.6
      '@types/scheduler': 0.16.3
      csstype: 3.1.2
    dev: false

  /@types/scheduler@0.16.3:
    resolution: {integrity: sha512-5cJ8CB4yAx7BH1oMvdU0Jh9lrEXyPkar6F9G/ERswkCuvP4KQZfZkSjcMbAICCpQTN4OuZn8tz0HiKv9TGZgrQ==}
    dev: false

  /@types/trusted-types@2.0.4:
    resolution: {integrity: sha512-IDaobHimLQhjwsQ/NMwRVfa/yL7L/wriQPMhw1ZJall0KX6E1oxk29XMDeilW5qTIg5aoiqf5Udy8U/51aNoQQ==}
    dev: true

  /acorn-walk@8.2.0:
    resolution: {integrity: sha512-k+iyHEuPgSw6SbuDpGQM+06HQUa04DZ3o+F6CSzXMvvI5KMvnaEqXe+YVe555R9nn6GPt404fos4wcgpw12SDA==}
    engines: {node: '>=0.4.0'}
    dev: true

  /acorn@8.10.0:
    resolution: {integrity: sha512-F0SAmZ8iUtS//m8DmCTA0jlh6TDKkHQyK6xc6V4KDTyZKA9dnvX9/3sRTVQrWm79glUAZbnmmNcdYwUIHWVybw==}
    engines: {node: '>=0.4.0'}
    hasBin: true
    dev: true

  /ansi-styles@4.3.0:
    resolution: {integrity: sha512-zbB9rCJAT1rbjiVDb2hqKFHNYLxgtk8NURxZ3IZwD3F6NtxbXZQCnnSi1Lkx+IDohdPlFp222wVALIheZJQSEg==}
    engines: {node: '>=8'}
    dependencies:
      color-convert: 2.0.1
    dev: true

  /busboy@1.6.0:
    resolution: {integrity: sha512-8SFQbg/0hQ9xy3UNTB0YEnsNBbWfhf7RtnzpL7TkBiTBRfrQ9Fxcnz7VJsleJpyp6rVLvXiuORqjlHi5q+PYuA==}
    engines: {node: '>=10.16.0'}
    dependencies:
      streamsearch: 1.1.0
    dev: false

  /caniuse-lite@1.0.30001538:
    resolution: {integrity: sha512-HWJnhnID+0YMtGlzcp3T9drmBJUVDchPJ08tpUGFLs9CYlwWPH2uLgpHn8fND5pCgXVtnGS3H4QR9XLMHVNkHw==}
    dev: false

  /chalk@4.1.2:
    resolution: {integrity: sha512-oKnbhFyRIXpUuez8iBMmyEa4nbj4IOQyuhc/wy9kY7/WVPcwIO9VA668Pu8RkO7+0G76SLROeyw9CpQ061i4mA==}
    engines: {node: '>=10'}
    dependencies:
      ansi-styles: 4.3.0
      supports-color: 7.2.0
    dev: true

  /character-entities@2.0.2:
    resolution: {integrity: sha512-shx7oQ0Awen/BRIdkjkvz54PnEEI/EjwXDSIZp86/KKdbafHh1Df/RYGBhn4hbe2+uKC9FnT5UCEdyPz3ai9hQ==}
    dev: false

  /client-only@0.0.1:
    resolution: {integrity: sha512-IV3Ou0jSMzZrd3pZ48nLkT9DA7Ag1pnPzaiQhpW7c3RbcqqzvzzVu+L8gfqMp/8IM2MQtSiqaCxrrcfu8I8rMA==}
    dev: false

  /color-convert@2.0.1:
    resolution: {integrity: sha512-RRECPsj7iu/xb5oKYcsFHSppFNnsj/52OVTRKb4zP5onXwVF3zVmmToNcOfGC+CRDpfK/U584fMg38ZHCaElKQ==}
    engines: {node: '>=7.0.0'}
    dependencies:
      color-name: 1.1.4
    dev: true

  /color-name@1.1.4:
    resolution: {integrity: sha512-dOy+3AuW3a2wNbZHIuMZpTcgjGuLU/uBL/ubcZF9OXbDo8ff4O8yVp5Bf0efS8uEoYo5q4Fx7dY9OgQGXgAsQA==}
    dev: true

  /commander@7.2.0:
    resolution: {integrity: sha512-QrWXB+ZQSVPmIWIhtEO9H+gwHaMGYiF5ChvoJ+K9ZGHG/sVsa6yiesAD1GC/x46sET00Xlwo1u49RVVVzvcSkw==}
    engines: {node: '>= 10'}
    dev: true

  /commander@8.3.0:
    resolution: {integrity: sha512-OkTL9umf+He2DZkUq8f8J9of7yL6RJKI24dVITBmNfZBmri9zYZQrKkuXiKhyfPSu8tUhnVBB1iKXevvnlR4Ww==}
    engines: {node: '>= 12'}
    dev: false

  /csstype@3.1.2:
    resolution: {integrity: sha512-I7K1Uu0MBPzaFKg4nI5Q7Vs2t+3gWWW648spaF+Rg7pI9ds18Ugn+lvg4SHczUdKlHI5LWBXyqfS8+DufyBsgQ==}
    dev: false

  /debug@4.3.4:
    resolution: {integrity: sha512-PRWFHuSU3eDtQJPvnNY7Jcket1j0t5OuOsFzPPzsekD52Zl8qUfFIPEiswXqIvHWGVHOgX+7G/vCNNhehwxfkQ==}
    engines: {node: '>=6.0'}
    peerDependencies:
      supports-color: '*'
    peerDependenciesMeta:
      supports-color:
        optional: true
    dependencies:
      ms: 2.1.2
    dev: false

  /decode-named-character-reference@1.0.2:
    resolution: {integrity: sha512-O8x12RzrUF8xyVcY0KJowWsmaJxQbmy0/EtnNtHRpsOcT7dFk5W598coHqBVpmWo1oQQfsCqfCmkZN5DJrZVdg==}
    dependencies:
      character-entities: 2.0.2
    dev: false

  /dequal@2.0.3:
    resolution: {integrity: sha512-0je+qPKHEMohvfRTCEo3CrPG6cAzAYgmzKyxRiYSSDkS6eGJdyVJm7WaYA5ECaAD9wLB2T4EEeymA5aFVcYXCA==}
    engines: {node: '>=6'}
    dev: false

  /devlop@1.1.0:
    resolution: {integrity: sha512-RWmIqhcFf1lRYBvNmr7qTNuyCt/7/ns2jbpp1+PalgE/rDQcBT0fioSMUpJ93irlUhC5hrg4cYqe6U+0ImW0rA==}
    dependencies:
      dequal: 2.0.3
    dev: false

  /dompurify@3.0.5:
    resolution: {integrity: sha512-F9e6wPGtY+8KNMRAVfxeCOHU0/NPWMSENNq4pQctuXRqqdEPW7q3CrLbR5Nse044WwacyjHGOMlvNsBe1y6z9A==}
    dev: false

  /duplexer@0.1.2:
    resolution: {integrity: sha512-jtD6YG370ZCIi/9GTaJKQxWTZD045+4R4hTk/x1UyoqadyJ9x9CgSi1RlVDQF8U2sxLLSnFkCaMihqljHIWgMg==}
    dev: true

  /glob-to-regexp@0.4.1:
    resolution: {integrity: sha512-lkX1HJXwyMcprw/5YUZc2s7DrpAiHB21/V+E1rHUrVNokkvB6bqMzT0VfV6/86ZNabt1k14YOIaT7nDvOX3Iiw==}
    dev: false

  /graceful-fs@4.2.11:
    resolution: {integrity: sha512-RbJ5/jmFcNNCcDV5o9eTnBLJ/HszWV0P73bc+Ff4nS/rJj+YaS6IGyiOL0VoBYX+l1Wrl3k63h/KrH+nhJ0XvQ==}
    dev: false

  /gzip-size@6.0.0:
    resolution: {integrity: sha512-ax7ZYomf6jqPTQ4+XCpUGyXKHk5WweS+e05MBO4/y3WJ5RkmPXNKvX+bx1behVILVwr6JSQvZAku021CHPXG3Q==}
    engines: {node: '>=10'}
    dependencies:
      duplexer: 0.1.2
    dev: true

  /has-flag@4.0.0:
    resolution: {integrity: sha512-EykJT/Q1KjTWctppgIAgfSO0tKVuZUjhgMr17kqTumMl6Afv3EISleU7qZUzoXDFTAHTDC4NOoG/ZxU3EvlMPQ==}
    engines: {node: '>=8'}
    dev: true

  /js-tokens@4.0.0:
    resolution: {integrity: sha512-RdJUflcE3cUzKiMqQgsCu06FPu9UdIJO0beYbPhHN4k6apgJtifcoCtT9bcxOpYBtpD2kCM6Sbzg4CausW/PKQ==}
    dev: false

  /katex@0.16.8:
    resolution: {integrity: sha512-ftuDnJbcbOckGY11OO+zg3OofESlbR5DRl2cmN8HeWeeFIV7wTXvAOx8kEjZjobhA+9wh2fbKeO6cdcA9Mnovg==}
    hasBin: true
    dependencies:
      commander: 8.3.0
    dev: false

  /lodash@4.17.21:
    resolution: {integrity: sha512-v2kDEe57lecTulaDIuNTPy3Ry4gLGJ6Z1O3vE1krgXZNrsQ+LFTGHVxVjcXPs17LhbZVGedAJv8XZ1tvj5FvSg==}
    dev: true

  /loose-envify@1.4.0:
    resolution: {integrity: sha512-lyuxPGr/Wfhrlem2CL/UcnUc1zcqKAImBDzukY7Y5F/yQiNdko6+fRLevlw1HgMySw7f611UIY408EtxRSoK3Q==}
    hasBin: true
    dependencies:
      js-tokens: 4.0.0
    dev: false

  /marked@9.0.3:
    resolution: {integrity: sha512-pI/k4nzBG1PEq1J3XFEHxVvjicfjl8rgaMaqclouGSMPhk7Q3Ejb2ZRxx/ZQOcQ1909HzVoWCFYq6oLgtL4BpQ==}
    engines: {node: '>= 16'}
    hasBin: true
    dev: false

  /micromark-core-commonmark@2.0.0:
    resolution: {integrity: sha512-jThOz/pVmAYUtkroV3D5c1osFXAMv9e0ypGDOIZuCeAe91/sD6BoE2Sjzt30yuXtwOYUmySOhMas/PVyh02itA==}
    dependencies:
      decode-named-character-reference: 1.0.2
      devlop: 1.1.0
      micromark-factory-destination: 2.0.0
      micromark-factory-label: 2.0.0
      micromark-factory-space: 2.0.0
      micromark-factory-title: 2.0.0
      micromark-factory-whitespace: 2.0.0
      micromark-util-character: 2.0.1
      micromark-util-chunked: 2.0.0
      micromark-util-classify-character: 2.0.0
      micromark-util-html-tag-name: 2.0.0
      micromark-util-normalize-identifier: 2.0.0
      micromark-util-resolve-all: 2.0.0
      micromark-util-subtokenize: 2.0.0
      micromark-util-symbol: 2.0.0
      micromark-util-types: 2.0.0
    dev: false

  /micromark-extension-math@3.0.0:
    resolution: {integrity: sha512-iJ2Q28vBoEovLN5o3GO12CpqorQRYDPT+p4zW50tGwTfJB+iv/VnB6Ini+gqa24K97DwptMBBIvVX6Bjk49oyQ==}
    dependencies:
      '@types/katex': 0.16.3
      devlop: 1.1.0
      katex: 0.16.8
      micromark-factory-space: 2.0.0
      micromark-util-character: 2.0.1
      micromark-util-symbol: 2.0.0
      micromark-util-types: 2.0.0
    dev: false

  /micromark-factory-destination@2.0.0:
    resolution: {integrity: sha512-j9DGrQLm/Uhl2tCzcbLhy5kXsgkHUrjJHg4fFAeoMRwJmJerT9aw4FEhIbZStWN8A3qMwOp1uzHr4UL8AInxtA==}
    dependencies:
      micromark-util-character: 2.0.1
      micromark-util-symbol: 2.0.0
      micromark-util-types: 2.0.0
    dev: false

  /micromark-factory-label@2.0.0:
    resolution: {integrity: sha512-RR3i96ohZGde//4WSe/dJsxOX6vxIg9TimLAS3i4EhBAFx8Sm5SmqVfR8E87DPSR31nEAjZfbt91OMZWcNgdZw==}
    dependencies:
      devlop: 1.1.0
      micromark-util-character: 2.0.1
      micromark-util-symbol: 2.0.0
      micromark-util-types: 2.0.0
    dev: false

  /micromark-factory-space@2.0.0:
    resolution: {integrity: sha512-TKr+LIDX2pkBJXFLzpyPyljzYK3MtmllMUMODTQJIUfDGncESaqB90db9IAUcz4AZAJFdd8U9zOp9ty1458rxg==}
    dependencies:
      micromark-util-character: 2.0.1
      micromark-util-types: 2.0.0
    dev: false

  /micromark-factory-title@2.0.0:
    resolution: {integrity: sha512-jY8CSxmpWLOxS+t8W+FG3Xigc0RDQA9bKMY/EwILvsesiRniiVMejYTE4wumNc2f4UbAa4WsHqe3J1QS1sli+A==}
    dependencies:
      micromark-factory-space: 2.0.0
      micromark-util-character: 2.0.1
      micromark-util-symbol: 2.0.0
      micromark-util-types: 2.0.0
    dev: false

  /micromark-factory-whitespace@2.0.0:
    resolution: {integrity: sha512-28kbwaBjc5yAI1XadbdPYHX/eDnqaUFVikLwrO7FDnKG7lpgxnvk/XGRhX/PN0mOZ+dBSZ+LgunHS+6tYQAzhA==}
    dependencies:
      micromark-factory-space: 2.0.0
      micromark-util-character: 2.0.1
      micromark-util-symbol: 2.0.0
      micromark-util-types: 2.0.0
    dev: false

  /micromark-util-character@2.0.1:
    resolution: {integrity: sha512-3wgnrmEAJ4T+mGXAUfMvMAbxU9RDG43XmGce4j6CwPtVxB3vfwXSZ6KhFwDzZ3mZHhmPimMAXg71veiBGzeAZw==}
    dependencies:
      micromark-util-symbol: 2.0.0
      micromark-util-types: 2.0.0
    dev: false

  /micromark-util-chunked@2.0.0:
    resolution: {integrity: sha512-anK8SWmNphkXdaKgz5hJvGa7l00qmcaUQoMYsBwDlSKFKjc6gjGXPDw3FNL3Nbwq5L8gE+RCbGqTw49FK5Qyvg==}
    dependencies:
      micromark-util-symbol: 2.0.0
    dev: false

  /micromark-util-classify-character@2.0.0:
    resolution: {integrity: sha512-S0ze2R9GH+fu41FA7pbSqNWObo/kzwf8rN/+IGlW/4tC6oACOs8B++bh+i9bVyNnwCcuksbFwsBme5OCKXCwIw==}
    dependencies:
      micromark-util-character: 2.0.1
      micromark-util-symbol: 2.0.0
      micromark-util-types: 2.0.0
    dev: false

  /micromark-util-combine-extensions@2.0.0:
    resolution: {integrity: sha512-vZZio48k7ON0fVS3CUgFatWHoKbbLTK/rT7pzpJ4Bjp5JjkZeasRfrS9wsBdDJK2cJLHMckXZdzPSSr1B8a4oQ==}
    dependencies:
      micromark-util-chunked: 2.0.0
      micromark-util-types: 2.0.0
    dev: false

  /micromark-util-decode-numeric-character-reference@2.0.0:
    resolution: {integrity: sha512-pIgcsGxpHEtTG/rPJRz/HOLSqp5VTuIIjXlPI+6JSDlK2oljApusG6KzpS8AF0ENUMCHlC/IBb5B9xdFiVlm5Q==}
    dependencies:
      micromark-util-symbol: 2.0.0
    dev: false

  /micromark-util-encode@2.0.0:
    resolution: {integrity: sha512-pS+ROfCXAGLWCOc8egcBvT0kf27GoWMqtdarNfDcjb6YLuV5cM3ioG45Ys2qOVqeqSbjaKg72vU+Wby3eddPsA==}
    dev: false

  /micromark-util-html-tag-name@2.0.0:
    resolution: {integrity: sha512-xNn4Pqkj2puRhKdKTm8t1YHC/BAjx6CEwRFXntTaRf/x16aqka6ouVoutm+QdkISTlT7e2zU7U4ZdlDLJd2Mcw==}
    dev: false

  /micromark-util-normalize-identifier@2.0.0:
    resolution: {integrity: sha512-2xhYT0sfo85FMrUPtHcPo2rrp1lwbDEEzpx7jiH2xXJLqBuy4H0GgXk5ToU8IEwoROtXuL8ND0ttVa4rNqYK3w==}
    dependencies:
      micromark-util-symbol: 2.0.0
    dev: false

  /micromark-util-resolve-all@2.0.0:
    resolution: {integrity: sha512-6KU6qO7DZ7GJkaCgwBNtplXCvGkJToU86ybBAUdavvgsCiG8lSSvYxr9MhwmQ+udpzywHsl4RpGJsYWG1pDOcA==}
    dependencies:
      micromark-util-types: 2.0.0
    dev: false

  /micromark-util-sanitize-uri@2.0.0:
    resolution: {integrity: sha512-WhYv5UEcZrbAtlsnPuChHUAsu/iBPOVaEVsntLBIdpibO0ddy8OzavZz3iL2xVvBZOpolujSliP65Kq0/7KIYw==}
    dependencies:
      micromark-util-character: 2.0.1
      micromark-util-encode: 2.0.0
      micromark-util-symbol: 2.0.0
    dev: false

  /micromark-util-subtokenize@2.0.0:
    resolution: {integrity: sha512-vc93L1t+gpR3p8jxeVdaYlbV2jTYteDje19rNSS/H5dlhxUYll5Fy6vJ2cDwP8RnsXi818yGty1ayP55y3W6fg==}
    dependencies:
      devlop: 1.1.0
      micromark-util-chunked: 2.0.0
      micromark-util-symbol: 2.0.0
      micromark-util-types: 2.0.0
    dev: false

  /micromark-util-symbol@2.0.0:
    resolution: {integrity: sha512-8JZt9ElZ5kyTnO94muPxIGS8oyElRJaiJO8EzV6ZSyGQ1Is8xwl4Q45qU5UOg+bGH4AikWziz0iN4sFLWs8PGw==}
    dev: false

  /micromark-util-types@2.0.0:
    resolution: {integrity: sha512-oNh6S2WMHWRZrmutsRmDDfkzKtxF+bc2VxLC9dvtrDIRFln627VsFP6fLMgTryGDljgLPjkrzQSDcPrjPyDJ5w==}
    dev: false

  /micromark@4.0.0:
    resolution: {integrity: sha512-o/sd0nMof8kYff+TqcDx3VSrgBTcZpSvYcAHIfHhv5VAuNmisCxjhx6YmxS8PFEpb9z5WKWKPdzf0jM23ro3RQ==}
    dependencies:
      '@types/debug': 4.1.8
      debug: 4.3.4
      decode-named-character-reference: 1.0.2
      devlop: 1.1.0
      micromark-core-commonmark: 2.0.0
      micromark-factory-space: 2.0.0
      micromark-util-character: 2.0.1
      micromark-util-chunked: 2.0.0
      micromark-util-combine-extensions: 2.0.0
      micromark-util-decode-numeric-character-reference: 2.0.0
      micromark-util-encode: 2.0.0
      micromark-util-normalize-identifier: 2.0.0
      micromark-util-resolve-all: 2.0.0
      micromark-util-sanitize-uri: 2.0.0
      micromark-util-subtokenize: 2.0.0
      micromark-util-symbol: 2.0.0
      micromark-util-types: 2.0.0
    transitivePeerDependencies:
      - supports-color
    dev: false

  /mrmime@1.0.1:
    resolution: {integrity: sha512-hzzEagAgDyoU1Q6yg5uI+AorQgdvMCur3FcKf7NhMKWsaYg+RnbTyHRa/9IlLF9rf455MOCtcqqrQQ83pPP7Uw==}
    engines: {node: '>=10'}
    dev: true

  /ms@2.1.2:
    resolution: {integrity: sha512-sGkPx+VjMtmA6MX27oA4FBFELFCZZ4S4XqeGOXCv68tT+jb3vk/RyaKWP0PTKyWtmLSM0b+adUTEvbs1PEaH2w==}
    dev: false

  /nanoid@3.3.6:
    resolution: {integrity: sha512-BGcqMMJuToF7i1rt+2PWSNVnWIkGCU78jBG3RxO/bZlnZPK2Cmi2QaffxGO/2RvWi9sL+FAiRiXMgsyxQ1DIDA==}
    engines: {node: ^10 || ^12 || ^13.7 || ^14 || >=15.0.1}
    hasBin: true
    dev: false

  /next@13.5.2(react-dom@18.2.0)(react@18.2.0):
    resolution: {integrity: sha512-vog4UhUaMYAzeqfiAAmgB/QWLW7p01/sg+2vn6bqc/CxHFYizMzLv6gjxKzl31EVFkfl/F+GbxlKizlkTE9RdA==}
    engines: {node: '>=16.14.0'}
    hasBin: true
    peerDependencies:
      '@opentelemetry/api': ^1.1.0
      react: ^18.2.0
      react-dom: ^18.2.0
      sass: ^1.3.0
    peerDependenciesMeta:
      '@opentelemetry/api':
        optional: true
      sass:
        optional: true
    dependencies:
      '@next/env': 13.5.2
      '@swc/helpers': 0.5.2
      busboy: 1.6.0
      caniuse-lite: 1.0.30001538
      postcss: 8.4.14
      react: 18.2.0
      react-dom: 18.2.0(react@18.2.0)
      styled-jsx: 5.1.1(react@18.2.0)
      watchpack: 2.4.0
      zod: 3.21.4
    optionalDependencies:
      '@next/swc-darwin-arm64': 13.5.2
      '@next/swc-darwin-x64': 13.5.2
      '@next/swc-linux-arm64-gnu': 13.5.2
      '@next/swc-linux-arm64-musl': 13.5.2
      '@next/swc-linux-x64-gnu': 13.5.2
      '@next/swc-linux-x64-musl': 13.5.2
      '@next/swc-win32-arm64-msvc': 13.5.2
      '@next/swc-win32-ia32-msvc': 13.5.2
      '@next/swc-win32-x64-msvc': 13.5.2
    transitivePeerDependencies:
      - '@babel/core'
      - babel-plugin-macros
    dev: false

  /opener@1.5.2:
    resolution: {integrity: sha512-ur5UIdyw5Y7yEj9wLzhqXiy6GZ3Mwx0yGI+5sMn2r0N0v3cKJvUmFH5yPP+WXh9e0xfyzyJX95D8l088DNFj7A==}
    hasBin: true
    dev: true

  /picocolors@1.0.0:
    resolution: {integrity: sha512-1fygroTLlHu66zi26VoTDv8yRgm0Fccecssto+MhsZ0D/DGW2sm8E8AjW7NU5VVTRt5GxbeZ5qBuJr+HyLYkjQ==}
    dev: false

  /postcss@8.4.14:
    resolution: {integrity: sha512-E398TUmfAYFPBSdzgeieK2Y1+1cpdxJx8yXbK/m57nRhKSmk1GB2tO4lbLBtlkfPQTDKfe4Xqv1ASWPpayPEig==}
    engines: {node: ^10 || ^12 || >=14}
    dependencies:
      nanoid: 3.3.6
      picocolors: 1.0.0
      source-map-js: 1.0.2
    dev: false

  /react-dom@18.2.0(react@18.2.0):
    resolution: {integrity: sha512-6IMTriUmvsjHUjNtEDudZfuDQUoWXVxKHhlEGSk81n4YFS+r/Kl99wXiwlVXtPBtJenozv2P+hxDsw9eA7Xo6g==}
    peerDependencies:
      react: ^18.2.0
    dependencies:
      loose-envify: 1.4.0
      react: 18.2.0
      scheduler: 0.23.0
    dev: false

  /react@18.2.0:
    resolution: {integrity: sha512-/3IjMdb2L9QbBdWiW5e3P2/npwMBaU9mHCSCUzNln0ZCYbcfTsGbTJrU/kGemdH2IWmB2ioZ+zkxtmq6g09fGQ==}
    engines: {node: '>=0.10.0'}
    dependencies:
      loose-envify: 1.4.0
    dev: false

  /scheduler@0.23.0:
    resolution: {integrity: sha512-CtuThmgHNg7zIZWAXi3AsyIzA3n4xx7aNyjwC2VJldO2LMVDhFK+63xGqq6CsJH4rTAt6/M+N4GhZiDYPx9eUw==}
    dependencies:
      loose-envify: 1.4.0
    dev: false

  /sirv@1.0.19:
    resolution: {integrity: sha512-JuLThK3TnZG1TAKDwNIqNq6QA2afLOCcm+iE8D1Kj3GA40pSPsxQjjJl0J8X3tsR7T+CP1GavpzLwYkgVLWrZQ==}
    engines: {node: '>= 10'}
    dependencies:
      '@polka/url': 1.0.0-next.23
      mrmime: 1.0.1
      totalist: 1.1.0
    dev: true

  /source-map-js@1.0.2:
    resolution: {integrity: sha512-R0XvVJ9WusLiqTCEiGCmICCMplcCkIwwR11mOSD9CR5u+IXYdiseeEuXCVAjS54zqwkLcPNnmU4OeJ6tUrWhDw==}
    engines: {node: '>=0.10.0'}
    dev: false

  /streamsearch@1.1.0:
    resolution: {integrity: sha512-Mcc5wHehp9aXz1ax6bZUyY5afg9u2rv5cqQI3mRrYkGC8rW2hM02jWuwjtL++LS5qinSyhj2QfLyNsuc+VsExg==}
    engines: {node: '>=10.0.0'}
    dev: false

  /styled-jsx@5.1.1(react@18.2.0):
    resolution: {integrity: sha512-pW7uC1l4mBZ8ugbiZrcIsiIvVx1UmTfw7UkC3Um2tmfUq9Bhk8IiyEIPl6F8agHgjzku6j0xQEZbfA5uSgSaCw==}
    engines: {node: '>= 12.0.0'}
    peerDependencies:
      '@babel/core': '*'
      babel-plugin-macros: '*'
      react: '>= 16.8.0 || 17.x.x || ^18.0.0-0'
    peerDependenciesMeta:
      '@babel/core':
        optional: true
      babel-plugin-macros:
        optional: true
    dependencies:
      client-only: 0.0.1
      react: 18.2.0
    dev: false

  /supports-color@7.2.0:
    resolution: {integrity: sha512-qpCAvRl9stuOHveKsn7HncJRvv501qIacKzQlO/+Lwxc9+0q2wLyv4Dfvt80/DPn2pqOBsJdDiogXGR9+OvwRw==}
    engines: {node: '>=8'}
    dependencies:
      has-flag: 4.0.0
    dev: true

  /totalist@1.1.0:
    resolution: {integrity: sha512-gduQwd1rOdDMGxFG1gEvhV88Oirdo2p+KjoYFU7k2g+i7n6AFFbDQ5kMPUsW0pNbfQsB/cwXvT1i4Bue0s9g5g==}
    engines: {node: '>=6'}
    dev: true

  /tslib@2.6.2:
    resolution: {integrity: sha512-AEYxH93jGFPn/a2iVAwW87VuUIkR1FVUKB77NwMF7nBTDkDrrT/Hpt/IrCJ0QXhW27jTBDcf5ZY7w6RiqTMw2Q==}
    dev: false

  /typescript@5.2.2:
    resolution: {integrity: sha512-mI4WrpHsbCIcwT9cF4FZvr80QUeKvsUsUvKDoR+X/7XHQH98xYD8YHZg7ANtz2GtZt/CBq2QJ0thkGJMHfqc1w==}
    engines: {node: '>=14.17'}
    hasBin: true
    dev: false

  /watchpack@2.4.0:
    resolution: {integrity: sha512-Lcvm7MGST/4fup+ifyKi2hjyIAwcdI4HRgtvTpIUxBRhB+RFtUh8XtDOxUfctVCnhVi+QQj49i91OyvzkJl6cg==}
    engines: {node: '>=10.13.0'}
    dependencies:
      glob-to-regexp: 0.4.1
      graceful-fs: 4.2.11
    dev: false

  /webpack-bundle-analyzer@4.7.0:
    resolution: {integrity: sha512-j9b8ynpJS4K+zfO5GGwsAcQX4ZHpWV+yRiHDiL+bE0XHJ8NiPYLTNVQdlFYWxtpg9lfAQNlwJg16J9AJtFSXRg==}
    engines: {node: '>= 10.13.0'}
    hasBin: true
    dependencies:
      acorn: 8.10.0
      acorn-walk: 8.2.0
      chalk: 4.1.2
      commander: 7.2.0
      gzip-size: 6.0.0
      lodash: 4.17.21
      opener: 1.5.2
      sirv: 1.0.19
      ws: 7.5.9
    transitivePeerDependencies:
      - bufferutil
      - utf-8-validate
    dev: true

  /ws@7.5.9:
    resolution: {integrity: sha512-F+P9Jil7UiSKSkppIiD94dN07AwvFixvLIj1Og1Rl9GGMuNipJnV9JzjD6XuqmAeiswGvUmNLjr5cFuXwNS77Q==}
    engines: {node: '>=8.3.0'}
    peerDependencies:
      bufferutil: ^4.0.1
      utf-8-validate: ^5.0.2
    peerDependenciesMeta:
      bufferutil:
        optional: true
      utf-8-validate:
        optional: true
    dev: true

  /zod@3.21.4:
    resolution: {integrity: sha512-m46AKbrzKVzOzs/DZgVnG5H55N1sv1M8qZU3A8RIKbs3mrACDNeIOeilDymVb2HdmP8uwshOCF4uJ8uM9rCqJw==}
    dev: false
